{
  "version": 4,
  "terraform_version": "1.13.5",
  "serial": 24,
  "lineage": "3896ed99-0759-c068-ed03-267e331456a4",
  "outputs": {},
  "resources": [
    {
      "mode": "managed",
      "type": "oci_core_virtual_network",
      "name": "vcn_test1",
      "provider": "provider[\"registry.terraform.io/oracle/oci\"]",
      "instances": [
        {
          "schema_version": 0,
          "attributes": {
            "byoipv6cidr_blocks": [],
            "byoipv6cidr_details": [],
            "cidr_block": "10.0.0.0/16",
            "cidr_blocks": [
              "10.0.0.0/16"
            ],
            "compartment_id": "ocid1.tenancy.oc1..aaaaaaaaidabeh4bww766raesn274xyaormyuplogucdzg3fum4n43eyacja",
            "default_dhcp_options_id": "ocid1.dhcpoptions.oc1.ap-osaka-1.aaaaaaaamqdl3k2isq56jdckh4qk3huejwwc3erx6pk2k5hr5batjtankcnq",
            "default_route_table_id": "ocid1.routetable.oc1.ap-osaka-1.aaaaaaaafbojbieenguf4t3sjaxbabl3a3hauobp52gtd2gv23gpgxhainoq",
            "default_security_list_id": "ocid1.securitylist.oc1.ap-osaka-1.aaaaaaaaci6iggmblkgsuvgionfptpzlsjevaq3ookajjtaaeyxitgtamnyq",
            "defined_tags": {
              "Oracle-Tags.CreatedBy": "default/syudenky@gmail.com",
              "Oracle-Tags.CreatedOn": "2024-02-29T13:21:45.300Z"
            },
            "display_name": "vcn-20251213-test1",
            "dns_label": "vcn02292221",
            "freeform_tags": {},
            "id": "ocid1.vcn.oc1.ap-osaka-1.amaaaaaadtqsixyaj73mxhs46nybzkyqfyzj4a5g4ldr3us6pxtt7uv7v6ia",
            "ipv6cidr_blocks": [],
            "ipv6private_cidr_blocks": [],
            "is_ipv6enabled": false,
            "is_oracle_gua_allocation_enabled": null,
            "security_attributes": {},
            "state": "AVAILABLE",
            "time_created": "2024-02-29 13:21:45.387 +0000 UTC",
            "timeouts": null,
            "vcn_domain_name": "vcn02292221.oraclevcn.com"
          },
          "sensitive_attributes": [],
          "identity_schema_version": 0,
          "private": "eyJlMmJmYjczMC1lY2FhLTExZTYtOGY4OC0zNDM2M2JjN2M0YzAiOnsiY3JlYXRlIjoxMjAwMDAwMDAwMDAwLCJkZWxldGUiOjEyMDAwMDAwMDAwMDAsInVwZGF0ZSI6MTIwMDAwMDAwMDAwMH0sInNjaGVtYV92ZXJzaW9uIjoiMCJ9"
        }
      ]
    }
  ],
  "check_results": null
}
