{
  "version": 4,
  "terraform_version": "1.13.5",
  "serial": 30,
  "lineage": "3896ed99-0759-c068-ed03-267e331456a4",
  "outputs": {},
  "resources": [
    {
      "mode": "managed",
      "type": "oci_core_instance",
      "name": "existing_instance",
      "provider": "provider[\"registry.terraform.io/oracle/oci\"]",
      "instances": [
        {
          "schema_version": 0,
          "attributes": {
            "agent_config": [
              {
                "are_all_plugins_disabled": false,
                "is_management_disabled": false,
                "is_monitoring_disabled": false,
                "plugins_config": []
              }
            ],
            "async": null,
            "availability_config": [
              {
                "is_live_migration_preferred": false,
                "recovery_action": "RESTORE_INSTANCE"
              }
            ],
            "availability_domain": "ZXGQ:AP-OSAKA-1-AD-1",
            "boot_volume_id": "ocid1.bootvolume.oc1.ap-osaka-1.abvwsljrqxtku42nyl2qejgikafi5f77xdpm6t2mivh53cisrw4rbza64wmq",
            "capacity_reservation_id": null,
            "cluster_placement_group_id": null,
            "compartment_id": "ocid1.tenancy.oc1..aaaaaaaaidabeh4bww766raesn274xyaormyuplogucdzg3fum4n43eyacja",
            "compute_cluster_id": null,
            "create_vnic_details": [
              {
                "assign_ipv6ip": false,
                "assign_private_dns_record": false,
                "assign_public_ip": "true",
                "defined_tags": {
                  "Oracle-Tags.CreatedBy": "default/syudenky@gmail.com",
                  "Oracle-Tags.CreatedOn": "2025-12-13T10:14:27.488Z"
                },
                "display_name": "instance-20251213-ARM",
                "freeform_tags": {},
                "hostname_label": "instance-20251213-arm",
                "ipv6address_ipv6subnet_cidr_pair_details": [],
                "nsg_ids": [],
                "private_ip": "10.0.0.122",
                "security_attributes": {},
                "skip_source_dest_check": false,
                "subnet_cidr": "",
                "subnet_id": "ocid1.subnet.oc1.ap-osaka-1.aaaaaaaatgb7vd62k4kk4ayksh4rj3wyehxpg4xbbymbwc6dit5qkoztc6xq",
                "vlan_id": ""
              }
            ],
            "dedicated_vm_host_id": null,
            "defined_tags": {
              "Oracle-Tags.CreatedBy": "default/syudenky@gmail.com",
              "Oracle-Tags.CreatedOn": "2025-12-13T10:14:27.397Z"
            },
            "display_name": "instance-20251213-ARM",
            "extended_metadata": {},
            "fault_domain": "FAULT-DOMAIN-2",
            "freeform_tags": {},
            "hostname_label": "instance-20251213-arm",
            "id": "ocid1.instance.oc1.ap-osaka-1.anvwsljrdtqsixycpsimj4zhkrcgcde44tlchh73u4jt3fk454brbe6irica",
            "image": "ocid1.image.oc1.ap-osaka-1.aaaaaaaatstm2fpjmgo3zqsgyfpmujr5vlrse7kkhfbkp4kfiyinmzuh72xa",
            "instance_configuration_id": null,
            "instance_options": [
              {
                "are_legacy_imds_endpoints_disabled": false
              }
            ],
            "ipxe_script": null,
            "is_ai_enterprise_enabled": null,
            "is_cross_numa_node": false,
            "is_pv_encryption_in_transit_enabled": null,
            "launch_mode": "PARAVIRTUALIZED",
            "launch_options": [
              {
                "boot_volume_type": "PARAVIRTUALIZED",
                "firmware": "UEFI_64",
                "is_consistent_volume_naming_enabled": true,
                "is_pv_encryption_in_transit_enabled": false,
                "network_type": "PARAVIRTUALIZED",
                "remote_data_volume_type": "PARAVIRTUALIZED"
              }
            ],
            "launch_volume_attachments": null,
            "licensing_configs": [],
            "metadata": {
              "ssh_authorized_keys": "ssh-rsa AAAAB3NzaC1yc2EAAAADAQABAAACAQC5mJkwhdDrCnpQGGcp3OkAVltI9OuagoJZxSyOiMIWSUKXm+nxkjuF8JWg0bq6heVMw3pFSbhrL1BJZuEQLDEqSio4XKO8RgYWBe5ALPzA+ARAr69zyLE1JbTm9X6zXc4ZPTZ7YRruedN9Csno7uoHOi3/yqsrupVRDPtIZGWLjSY6C5xuFTU5ds3Pp1WpFOuQuP8h3kRbIW2WF611NvMlwLbsZSPJpcMybsXwSUFA+ihwlfAscNNv5qaXSAfCQHF1ilWrCGLMRALaHwCNG5wQblL3L8kIIyNvXCDjF9Sl5U6+LOGn55rYJhWgtLoo630HhMn54PfD29nPqNJPNu1wTo16VbtOF9tq8Y+t82coZrE/SfV6xMTq0pJA962pFtcVyvOTp0J3cKnjG7+Gl4MlVvKketlhsngeZSJspfs+Ws8iTlcR0ilQu+BkaDbhVbTeZUWgqlt9RCk7v5ESqzJkPnYkvk1UHMSOyJ4D/A/XK0l2WFVqCFRxigsOcn1aFpvBvg6jQrAfXF14aKzSZ9ZMwUjM6bdWiPHI/G2Kj3Z2zT59QSVrknpkE25a57DFn+zj8xnuJVAfM5l016yluk9AsLQU2pZBInhY4jq7IBm0tcbkAOdWpFXTOEZfoHWUKYtUVEFZTwpkP3yEHU5bGLwLdBs8L21zXnw0ns/0gCQQoQ== d@D-MBP14.local"
            },
            "placement_constraint_details": [],
            "platform_config": [],
            "preemptible_instance_config": [],
            "preserve_boot_volume": null,
            "preserve_data_volumes_created_at_launch": null,
            "private_ip": "10.0.0.122",
            "public_ip": "140.83.52.19",
            "region": "ap-osaka-1",
            "security_attributes": {},
            "security_attributes_state": "STABLE",
            "shape": "VM.Standard.A1.Flex",
            "shape_config": [
              {
                "baseline_ocpu_utilization": "",
                "gpu_description": "",
                "gpus": 0,
                "local_disk_description": "",
                "local_disks": 0,
                "local_disks_total_size_in_gbs": 0,
                "max_vnic_attachments": 4,
                "memory_in_gbs": 24,
                "networking_bandwidth_in_gbps": 4,
                "nvmes": 0,
                "ocpus": 4,
                "processor_description": "3.0 GHz Ampere® Altra™",
                "resource_management": "",
                "vcpus": 4
              }
            ],
            "source_details": [
              {
                "boot_volume_size_in_gbs": "100",
                "boot_volume_vpus_per_gb": "10",
                "instance_source_image_filter_details": [],
                "is_preserve_boot_volume_enabled": false,
                "kms_key_id": "",
                "source_id": "ocid1.image.oc1.ap-osaka-1.aaaaaaaatstm2fpjmgo3zqsgyfpmujr5vlrse7kkhfbkp4kfiyinmzuh72xa",
                "source_type": "image"
              }
            ],
            "state": "RUNNING",
            "subnet_id": "ocid1.subnet.oc1.ap-osaka-1.aaaaaaaatgb7vd62k4kk4ayksh4rj3wyehxpg4xbbymbwc6dit5qkoztc6xq",
            "system_tags": {},
            "time_created": "2025-12-13 10:14:27.894 +0000 UTC",
            "time_maintenance_reboot_due": "",
            "timeouts": null,
            "update_operation_constraint": null
          },
          "sensitive_attributes": [
            [
              {
                "type": "get_attr",
                "value": "metadata"
              },
              {
                "type": "index",
                "value": {
                  "value": "ssh_authorized_keys",
                  "type": "string"
                }
              }
            ]
          ],
          "identity_schema_version": 0,
          "private": "eyJlMmJmYjczMC1lY2FhLTExZTYtOGY4OC0zNDM2M2JjN2M0YzAiOnsiY3JlYXRlIjoyNzAwMDAwMDAwMDAwLCJkZWxldGUiOjQ1MDAwMDAwMDAwMDAsInVwZGF0ZSI6MjcwMDAwMDAwMDAwMH19",
          "dependencies": [
            "oci_core_subnet.dev",
            "oci_core_virtual_network.vcn_test1"
          ]
        }
      ]
    },
    {
      "mode": "managed",
      "type": "oci_core_instance",
      "name": "existing_instance1",
      "provider": "provider[\"registry.terraform.io/oracle/oci\"]",
      "instances": [
        {
          "schema_version": 0,
          "attributes": {
            "agent_config": [
              {
                "are_all_plugins_disabled": false,
                "is_management_disabled": false,
                "is_monitoring_disabled": false,
                "plugins_config": []
              }
            ],
            "async": null,
            "availability_config": [
              {
                "is_live_migration_preferred": false,
                "recovery_action": "RESTORE_INSTANCE"
              }
            ],
            "availability_domain": "ZXGQ:AP-OSAKA-1-AD-1",
            "boot_volume_id": "ocid1.bootvolume.oc1.ap-osaka-1.abvwsljrd5qxphnhuswgtouugggec2w4yyx7bxdzuw3anpwjxj3nv5h254uq",
            "capacity_reservation_id": null,
            "cluster_placement_group_id": null,
            "compartment_id": "ocid1.tenancy.oc1..aaaaaaaaidabeh4bww766raesn274xyaormyuplogucdzg3fum4n43eyacja",
            "compute_cluster_id": null,
            "create_vnic_details": [
              {
                "assign_ipv6ip": false,
                "assign_private_dns_record": false,
                "assign_public_ip": "true",
                "defined_tags": {
                  "Oracle-Tags.CreatedBy": "default/syudenky@gmail.com",
                  "Oracle-Tags.CreatedOn": "2025-12-13T10:14:27.547Z"
                },
                "display_name": "instance-20251213-AMD1",
                "freeform_tags": {},
                "hostname_label": "instance-20251213-amd1",
                "ipv6address_ipv6subnet_cidr_pair_details": [],
                "nsg_ids": [],
                "private_ip": "10.0.0.213",
                "security_attributes": {},
                "skip_source_dest_check": false,
                "subnet_cidr": "",
                "subnet_id": "ocid1.subnet.oc1.ap-osaka-1.aaaaaaaatgb7vd62k4kk4ayksh4rj3wyehxpg4xbbymbwc6dit5qkoztc6xq",
                "vlan_id": ""
              }
            ],
            "dedicated_vm_host_id": null,
            "defined_tags": {
              "Oracle-Tags.CreatedBy": "default/syudenky@gmail.com",
              "Oracle-Tags.CreatedOn": "2025-12-13T10:14:27.469Z"
            },
            "display_name": "instance-20251213-AMD1",
            "extended_metadata": {},
            "fault_domain": "FAULT-DOMAIN-2",
            "freeform_tags": {},
            "hostname_label": "instance-20251213-amd1",
            "id": "ocid1.instance.oc1.ap-osaka-1.anvwsljrdtqsixycajtk4ofosghnvv4ugtfigdhiavw6ff62fftv5pzyj54q",
            "image": "ocid1.image.oc1.ap-osaka-1.aaaaaaaan3hdtcxksx6at4azuusiyldtv6gcn2ev32pfqm72unn75eyb66sa",
            "instance_configuration_id": null,
            "instance_options": [
              {
                "are_legacy_imds_endpoints_disabled": false
              }
            ],
            "ipxe_script": null,
            "is_ai_enterprise_enabled": null,
            "is_cross_numa_node": false,
            "is_pv_encryption_in_transit_enabled": null,
            "launch_mode": "PARAVIRTUALIZED",
            "launch_options": [
              {
                "boot_volume_type": "PARAVIRTUALIZED",
                "firmware": "UEFI_64",
                "is_consistent_volume_naming_enabled": true,
                "is_pv_encryption_in_transit_enabled": false,
                "network_type": "PARAVIRTUALIZED",
                "remote_data_volume_type": "PARAVIRTUALIZED"
              }
            ],
            "launch_volume_attachments": null,
            "licensing_configs": [],
            "metadata": {
              "ssh_authorized_keys": "ssh-rsa AAAAB3NzaC1yc2EAAAADAQABAAACAQC5mJkwhdDrCnpQGGcp3OkAVltI9OuagoJZxSyOiMIWSUKXm+nxkjuF8JWg0bq6heVMw3pFSbhrL1BJZuEQLDEqSio4XKO8RgYWBe5ALPzA+ARAr69zyLE1JbTm9X6zXc4ZPTZ7YRruedN9Csno7uoHOi3/yqsrupVRDPtIZGWLjSY6C5xuFTU5ds3Pp1WpFOuQuP8h3kRbIW2WF611NvMlwLbsZSPJpcMybsXwSUFA+ihwlfAscNNv5qaXSAfCQHF1ilWrCGLMRALaHwCNG5wQblL3L8kIIyNvXCDjF9Sl5U6+LOGn55rYJhWgtLoo630HhMn54PfD29nPqNJPNu1wTo16VbtOF9tq8Y+t82coZrE/SfV6xMTq0pJA962pFtcVyvOTp0J3cKnjG7+Gl4MlVvKketlhsngeZSJspfs+Ws8iTlcR0ilQu+BkaDbhVbTeZUWgqlt9RCk7v5ESqzJkPnYkvk1UHMSOyJ4D/A/XK0l2WFVqCFRxigsOcn1aFpvBvg6jQrAfXF14aKzSZ9ZMwUjM6bdWiPHI/G2Kj3Z2zT59QSVrknpkE25a57DFn+zj8xnuJVAfM5l016yluk9AsLQU2pZBInhY4jq7IBm0tcbkAOdWpFXTOEZfoHWUKYtUVEFZTwpkP3yEHU5bGLwLdBs8L21zXnw0ns/0gCQQoQ== d@D-MBP14.local"
            },
            "placement_constraint_details": [],
            "platform_config": [],
            "preemptible_instance_config": [],
            "preserve_boot_volume": null,
            "preserve_data_volumes_created_at_launch": null,
            "private_ip": "10.0.0.213",
            "public_ip": "161.33.19.183",
            "region": "ap-osaka-1",
            "security_attributes": {},
            "security_attributes_state": "STABLE",
            "shape": "VM.Standard.E2.1.Micro",
            "shape_config": [
              {
                "baseline_ocpu_utilization": "",
                "gpu_description": "",
                "gpus": 0,
                "local_disk_description": "",
                "local_disks": 0,
                "local_disks_total_size_in_gbs": 0,
                "max_vnic_attachments": 1,
                "memory_in_gbs": 1,
                "networking_bandwidth_in_gbps": 0.47999998927116394,
                "nvmes": 0,
                "ocpus": 1,
                "processor_description": "2.0 GHz AMD EPYC™ 7551 (Naples)",
                "resource_management": "",
                "vcpus": 2
              }
            ],
            "source_details": [
              {
                "boot_volume_size_in_gbs": "50",
                "boot_volume_vpus_per_gb": "10",
                "instance_source_image_filter_details": [],
                "is_preserve_boot_volume_enabled": false,
                "kms_key_id": "",
                "source_id": "ocid1.image.oc1.ap-osaka-1.aaaaaaaan3hdtcxksx6at4azuusiyldtv6gcn2ev32pfqm72unn75eyb66sa",
                "source_type": "image"
              }
            ],
            "state": "RUNNING",
            "subnet_id": "ocid1.subnet.oc1.ap-osaka-1.aaaaaaaatgb7vd62k4kk4ayksh4rj3wyehxpg4xbbymbwc6dit5qkoztc6xq",
            "system_tags": {
              "orcl-cloud.free-tier-retained": "true"
            },
            "time_created": "2025-12-13 10:14:27.9 +0000 UTC",
            "time_maintenance_reboot_due": "",
            "timeouts": null,
            "update_operation_constraint": null
          },
          "sensitive_attributes": [
            [
              {
                "type": "get_attr",
                "value": "metadata"
              },
              {
                "type": "index",
                "value": {
                  "value": "ssh_authorized_keys",
                  "type": "string"
                }
              }
            ]
          ],
          "identity_schema_version": 0,
          "private": "eyJlMmJmYjczMC1lY2FhLTExZTYtOGY4OC0zNDM2M2JjN2M0YzAiOnsiY3JlYXRlIjoyNzAwMDAwMDAwMDAwLCJkZWxldGUiOjQ1MDAwMDAwMDAwMDAsInVwZGF0ZSI6MjcwMDAwMDAwMDAwMH19",
          "dependencies": [
            "oci_core_subnet.dev",
            "oci_core_virtual_network.vcn_test1"
          ]
        }
      ]
    },
    {
      "mode": "managed",
      "type": "oci_core_instance",
      "name": "new_amd_instance",
      "provider": "provider[\"registry.terraform.io/oracle/oci\"]",
      "instances": [
        {
          "schema_version": 0,
          "attributes": {
            "agent_config": [
              {
                "are_all_plugins_disabled": false,
                "is_management_disabled": false,
                "is_monitoring_disabled": false,
                "plugins_config": []
              }
            ],
            "async": null,
            "availability_config": [
              {
                "is_live_migration_preferred": false,
                "recovery_action": "RESTORE_INSTANCE"
              }
            ],
            "availability_domain": "ZXGQ:AP-OSAKA-1-AD-1",
            "boot_volume_id": "ocid1.bootvolume.oc1.ap-osaka-1.abvwsljrs5cqbtz35pmqglguiaak7zfnygfer6ms5cxzunggilzi4cy2ebva",
            "capacity_reservation_id": null,
            "cluster_placement_group_id": null,
            "compartment_id": "ocid1.tenancy.oc1..aaaaaaaaidabeh4bww766raesn274xyaormyuplogucdzg3fum4n43eyacja",
            "compute_cluster_id": null,
            "create_vnic_details": [
              {
                "assign_ipv6ip": false,
                "assign_private_dns_record": false,
                "assign_public_ip": "true",
                "defined_tags": {
                  "Oracle-Tags.CreatedBy": "default/syudenky@gmail.com",
                  "Oracle-Tags.CreatedOn": "2025-12-13T10:14:27.547Z"
                },
                "display_name": "instance-20251213-AMD2",
                "freeform_tags": {},
                "hostname_label": "instance-20251213-amd2",
                "ipv6address_ipv6subnet_cidr_pair_details": [],
                "nsg_ids": [],
                "private_ip": "10.0.0.171",
                "security_attributes": {},
                "skip_source_dest_check": false,
                "subnet_cidr": "",
                "subnet_id": "ocid1.subnet.oc1.ap-osaka-1.aaaaaaaatgb7vd62k4kk4ayksh4rj3wyehxpg4xbbymbwc6dit5qkoztc6xq",
                "vlan_id": ""
              }
            ],
            "dedicated_vm_host_id": null,
            "defined_tags": {
              "Oracle-Tags.CreatedBy": "default/syudenky@gmail.com",
              "Oracle-Tags.CreatedOn": "2025-12-13T10:14:27.469Z"
            },
            "display_name": "instance-20251213-AMD2",
            "extended_metadata": {},
            "fault_domain": "FAULT-DOMAIN-2",
            "freeform_tags": {},
            "hostname_label": "instance-20251213-amd2",
            "id": "ocid1.instance.oc1.ap-osaka-1.anvwsljrdtqsixycvqnitkkmnlf3otmepztkpejdspzeofpzfxmwyhawltgq",
            "image": "ocid1.image.oc1.ap-osaka-1.aaaaaaaan3hdtcxksx6at4azuusiyldtv6gcn2ev32pfqm72unn75eyb66sa",
            "instance_configuration_id": null,
            "instance_options": [
              {
                "are_legacy_imds_endpoints_disabled": false
              }
            ],
            "ipxe_script": null,
            "is_ai_enterprise_enabled": null,
            "is_cross_numa_node": false,
            "is_pv_encryption_in_transit_enabled": null,
            "launch_mode": "PARAVIRTUALIZED",
            "launch_options": [
              {
                "boot_volume_type": "PARAVIRTUALIZED",
                "firmware": "UEFI_64",
                "is_consistent_volume_naming_enabled": true,
                "is_pv_encryption_in_transit_enabled": false,
                "network_type": "PARAVIRTUALIZED",
                "remote_data_volume_type": "PARAVIRTUALIZED"
              }
            ],
            "launch_volume_attachments": null,
            "licensing_configs": [],
            "metadata": {
              "ssh_authorized_keys": "ssh-rsa AAAAB3NzaC1yc2EAAAADAQABAAACAQC5mJkwhdDrCnpQGGcp3OkAVltI9OuagoJZxSyOiMIWSUKXm+nxkjuF8JWg0bq6heVMw3pFSbhrL1BJZuEQLDEqSio4XKO8RgYWBe5ALPzA+ARAr69zyLE1JbTm9X6zXc4ZPTZ7YRruedN9Csno7uoHOi3/yqsrupVRDPtIZGWLjSY6C5xuFTU5ds3Pp1WpFOuQuP8h3kRbIW2WF611NvMlwLbsZSPJpcMybsXwSUFA+ihwlfAscNNv5qaXSAfCQHF1ilWrCGLMRALaHwCNG5wQblL3L8kIIyNvXCDjF9Sl5U6+LOGn55rYJhWgtLoo630HhMn54PfD29nPqNJPNu1wTo16VbtOF9tq8Y+t82coZrE/SfV6xMTq0pJA962pFtcVyvOTp0J3cKnjG7+Gl4MlVvKketlhsngeZSJspfs+Ws8iTlcR0ilQu+BkaDbhVbTeZUWgqlt9RCk7v5ESqzJkPnYkvk1UHMSOyJ4D/A/XK0l2WFVqCFRxigsOcn1aFpvBvg6jQrAfXF14aKzSZ9ZMwUjM6bdWiPHI/G2Kj3Z2zT59QSVrknpkE25a57DFn+zj8xnuJVAfM5l016yluk9AsLQU2pZBInhY4jq7IBm0tcbkAOdWpFXTOEZfoHWUKYtUVEFZTwpkP3yEHU5bGLwLdBs8L21zXnw0ns/0gCQQoQ== d@D-MBP14.local"
            },
            "placement_constraint_details": [],
            "platform_config": [],
            "preemptible_instance_config": [],
            "preserve_boot_volume": null,
            "preserve_data_volumes_created_at_launch": null,
            "private_ip": "10.0.0.171",
            "public_ip": "64.110.119.245",
            "region": "ap-osaka-1",
            "security_attributes": {},
            "security_attributes_state": "STABLE",
            "shape": "VM.Standard.E2.1.Micro",
            "shape_config": [
              {
                "baseline_ocpu_utilization": "",
                "gpu_description": "",
                "gpus": 0,
                "local_disk_description": "",
                "local_disks": 0,
                "local_disks_total_size_in_gbs": 0,
                "max_vnic_attachments": 1,
                "memory_in_gbs": 1,
                "networking_bandwidth_in_gbps": 0.47999998927116394,
                "nvmes": 0,
                "ocpus": 1,
                "processor_description": "2.0 GHz AMD EPYC™ 7551 (Naples)",
                "resource_management": "",
                "vcpus": 2
              }
            ],
            "source_details": [
              {
                "boot_volume_size_in_gbs": "50",
                "boot_volume_vpus_per_gb": "10",
                "instance_source_image_filter_details": [],
                "is_preserve_boot_volume_enabled": false,
                "kms_key_id": "",
                "source_id": "ocid1.image.oc1.ap-osaka-1.aaaaaaaan3hdtcxksx6at4azuusiyldtv6gcn2ev32pfqm72unn75eyb66sa",
                "source_type": "image"
              }
            ],
            "state": "RUNNING",
            "subnet_id": "ocid1.subnet.oc1.ap-osaka-1.aaaaaaaatgb7vd62k4kk4ayksh4rj3wyehxpg4xbbymbwc6dit5qkoztc6xq",
            "system_tags": {
              "orcl-cloud.free-tier-retained": "true"
            },
            "time_created": "2025-12-13 10:14:27.88 +0000 UTC",
            "time_maintenance_reboot_due": "",
            "timeouts": null,
            "update_operation_constraint": null
          },
          "sensitive_attributes": [
            [
              {
                "type": "get_attr",
                "value": "metadata"
              },
              {
                "type": "index",
                "value": {
                  "value": "ssh_authorized_keys",
                  "type": "string"
                }
              }
            ]
          ],
          "identity_schema_version": 0,
          "private": "eyJlMmJmYjczMC1lY2FhLTExZTYtOGY4OC0zNDM2M2JjN2M0YzAiOnsiY3JlYXRlIjoyNzAwMDAwMDAwMDAwLCJkZWxldGUiOjQ1MDAwMDAwMDAwMDAsInVwZGF0ZSI6MjcwMDAwMDAwMDAwMH19",
          "dependencies": [
            "oci_core_subnet.dev",
            "oci_core_virtual_network.vcn_test1"
          ]
        }
      ]
    },
    {
      "mode": "managed",
      "type": "oci_core_subnet",
      "name": "dev",
      "provider": "provider[\"registry.terraform.io/oracle/oci\"]",
      "instances": [
        {
          "schema_version": 0,
          "attributes": {
            "availability_domain": null,
            "cidr_block": "10.0.0.0/24",
            "compartment_id": "ocid1.tenancy.oc1..aaaaaaaaidabeh4bww766raesn274xyaormyuplogucdzg3fum4n43eyacja",
            "defined_tags": {
              "Oracle-Tags.CreatedBy": "default/syudenky@gmail.com",
              "Oracle-Tags.CreatedOn": "2025-12-13T10:14:23.209Z"
            },
            "dhcp_options_id": "ocid1.dhcpoptions.oc1.ap-osaka-1.aaaaaaaamqdl3k2isq56jdckh4qk3huejwwc3erx6pk2k5hr5batjtankcnq",
            "display_name": "subnet-20240229-ubuntu22-test1",
            "dns_label": "subnet02292221",
            "freeform_tags": {},
            "id": "ocid1.subnet.oc1.ap-osaka-1.aaaaaaaatgb7vd62k4kk4ayksh4rj3wyehxpg4xbbymbwc6dit5qkoztc6xq",
            "ipv4cidr_blocks": [
              "10.0.0.0/24"
            ],
            "ipv6cidr_block": null,
            "ipv6cidr_blocks": [],
            "ipv6virtual_router_ip": null,
            "prohibit_internet_ingress": false,
            "prohibit_public_ip_on_vnic": false,
            "route_table_id": "ocid1.routetable.oc1.ap-osaka-1.aaaaaaaafbojbieenguf4t3sjaxbabl3a3hauobp52gtd2gv23gpgxhainoq",
            "security_list_ids": [
              "ocid1.securitylist.oc1.ap-osaka-1.aaaaaaaaci6iggmblkgsuvgionfptpzlsjevaq3ookajjtaaeyxitgtamnyq"
            ],
            "state": "AVAILABLE",
            "subnet_domain_name": "subnet02292221.vcn02292221.oraclevcn.com",
            "time_created": "2025-12-13 10:14:23.235 +0000 UTC",
            "timeouts": null,
            "vcn_id": "ocid1.vcn.oc1.ap-osaka-1.amaaaaaadtqsixyaj73mxhs46nybzkyqfyzj4a5g4ldr3us6pxtt7uv7v6ia",
            "virtual_router_ip": "10.0.0.1",
            "virtual_router_mac": "00:00:17:62:51:54"
          },
          "sensitive_attributes": [],
          "identity_schema_version": 0,
          "private": "eyJlMmJmYjczMC1lY2FhLTExZTYtOGY4OC0zNDM2M2JjN2M0YzAiOnsiY3JlYXRlIjoxMjAwMDAwMDAwMDAwLCJkZWxldGUiOjEyMDAwMDAwMDAwMDAsInVwZGF0ZSI6MTIwMDAwMDAwMDAwMH19",
          "dependencies": [
            "oci_core_virtual_network.vcn_test1"
          ]
        }
      ]
    },
    {
      "mode": "managed",
      "type": "oci_core_virtual_network",
      "name": "vcn_test1",
      "provider": "provider[\"registry.terraform.io/oracle/oci\"]",
      "instances": [
        {
          "schema_version": 0,
          "attributes": {
            "byoipv6cidr_blocks": [],
            "byoipv6cidr_details": [],
            "cidr_block": "10.0.0.0/16",
            "cidr_blocks": [
              "10.0.0.0/16"
            ],
            "compartment_id": "ocid1.tenancy.oc1..aaaaaaaaidabeh4bww766raesn274xyaormyuplogucdzg3fum4n43eyacja",
            "default_dhcp_options_id": "ocid1.dhcpoptions.oc1.ap-osaka-1.aaaaaaaamqdl3k2isq56jdckh4qk3huejwwc3erx6pk2k5hr5batjtankcnq",
            "default_route_table_id": "ocid1.routetable.oc1.ap-osaka-1.aaaaaaaafbojbieenguf4t3sjaxbabl3a3hauobp52gtd2gv23gpgxhainoq",
            "default_security_list_id": "ocid1.securitylist.oc1.ap-osaka-1.aaaaaaaaci6iggmblkgsuvgionfptpzlsjevaq3ookajjtaaeyxitgtamnyq",
            "defined_tags": {
              "Oracle-Tags.CreatedBy": "default/syudenky@gmail.com",
              "Oracle-Tags.CreatedOn": "2024-02-29T13:21:45.300Z"
            },
            "display_name": "vcn-20251213-test1",
            "dns_label": "vcn02292221",
            "freeform_tags": {},
            "id": "ocid1.vcn.oc1.ap-osaka-1.amaaaaaadtqsixyaj73mxhs46nybzkyqfyzj4a5g4ldr3us6pxtt7uv7v6ia",
            "ipv6cidr_blocks": [],
            "ipv6private_cidr_blocks": [],
            "is_ipv6enabled": false,
            "is_oracle_gua_allocation_enabled": null,
            "security_attributes": {},
            "state": "AVAILABLE",
            "time_created": "2024-02-29 13:21:45.387 +0000 UTC",
            "timeouts": null,
            "vcn_domain_name": "vcn02292221.oraclevcn.com"
          },
          "sensitive_attributes": [],
          "identity_schema_version": 0,
          "private": "eyJlMmJmYjczMC1lY2FhLTExZTYtOGY4OC0zNDM2M2JjN2M0YzAiOnsiY3JlYXRlIjoxMjAwMDAwMDAwMDAwLCJkZWxldGUiOjEyMDAwMDAwMDAwMDAsInVwZGF0ZSI6MTIwMDAwMDAwMDAwMH19"
        }
      ]
    }
  ],
  "check_results": null
}
