{
  "version": 4,
  "terraform_version": "1.9.8",
  "serial": 2,
  "lineage": "3896ed99-0759-c068-ed03-267e331456a4",
  "outputs": {
    "vcn_cidr": {
      "value": null,
      "type": "string"
    },
    "vcn_state": {
      "value": null,
      "type": "string"
    }
  },
  "resources": [
    {
      "mode": "managed",
      "type": "oci_core_instance",
      "name": "existing_instance",
      "provider": "provider[\"registry.terraform.io/oracle/oci\"]",
      "instances": [
        {
          "schema_version": 0,
          "attributes": {
            "agent_config": [
              {
                "are_all_plugins_disabled": false,
                "is_management_disabled": false,
                "is_monitoring_disabled": false,
                "plugins_config": [
                  {
                    "desired_state": "DISABLED",
                    "name": "Vulnerability Scanning"
                  },
                  {
                    "desired_state": "DISABLED",
                    "name": "Management Agent"
                  },
                  {
                    "desired_state": "ENABLED",
                    "name": "Custom Logs Monitoring"
                  },
                  {
                    "desired_state": "DISABLED",
                    "name": "Compute RDMA GPU Monitoring"
                  },
                  {
                    "desired_state": "ENABLED",
                    "name": "Compute Instance Monitoring"
                  },
                  {
                    "desired_state": "DISABLED",
                    "name": "Compute HPC RDMA Auto-Configuration"
                  },
                  {
                    "desired_state": "DISABLED",
                    "name": "Compute HPC RDMA Authentication"
                  },
                  {
                    "desired_state": "DISABLED",
                    "name": "Block Volume Management"
                  },
                  {
                    "desired_state": "DISABLED",
                    "name": "Bastion"
                  }
                ]
              }
            ],
            "async": null,
            "availability_config": [
              {
                "is_live_migration_preferred": true,
                "recovery_action": "RESTORE_INSTANCE"
              }
            ],
            "availability_domain": "ZXGQ:AP-OSAKA-1-AD-1",
            "boot_volume_id": "ocid1.bootvolume.oc1.ap-osaka-1.abvwsljrlppbynmquijlowlny2alrutmrsj7pogvcxm4wuqi2blu3apyzsxa",
            "capacity_reservation_id": null,
            "cluster_placement_group_id": null,
            "compartment_id": "ocid1.tenancy.oc1..aaaaaaaaidabeh4bww766raesn274xyaormyuplogucdzg3fum4n43eyacja",
            "compute_cluster_id": null,
            "create_vnic_details": [
              {
                "assign_ipv6ip": false,
                "assign_private_dns_record": false,
                "assign_public_ip": "true",
                "defined_tags": {
                  "Oracle-Tags.CreatedBy": "default/syudenky@gmail.com",
                  "Oracle-Tags.CreatedOn": "2024-04-03T01:54:58.836Z"
                },
                "display_name": "instance-20240403-ARM",
                "freeform_tags": {},
                "hostname_label": "instance-20240403-arm",
                "ipv6address_ipv6subnet_cidr_pair_details": [],
                "nsg_ids": [],
                "private_ip": "10.0.0.129",
                "security_attributes": {},
                "skip_source_dest_check": false,
                "subnet_id": "ocid1.subnet.oc1.ap-osaka-1.aaaaaaaa4sbehj6px5z3eevg452jt3mjzrgkcxjqvnjt6vjpfotvnj3ftebq",
                "vlan_id": ""
              }
            ],
            "dedicated_vm_host_id": null,
            "defined_tags": {
              "Oracle-Tags.CreatedBy": "default/syudenky@gmail.com",
              "Oracle-Tags.CreatedOn": "2024-04-03T01:54:58.732Z"
            },
            "display_name": "instance-20240403-ARM",
            "extended_metadata": {},
            "fault_domain": "FAULT-DOMAIN-3",
            "freeform_tags": {},
            "hostname_label": "instance-20240403-arm",
            "id": "ocid1.instance.oc1.ap-osaka-1.anvwsljrdtqsixycqyumxj3b64662j4hvzlx5h7vs6si2i54get2sxbu56oa",
            "image": "ocid1.image.oc1.ap-osaka-1.aaaaaaaan3lsxjp6rtfam5yttopwnmd5tnjvvr4oswe5gsc2ov4pm5qqcerq",
            "instance_configuration_id": null,
            "instance_options": [
              {
                "are_legacy_imds_endpoints_disabled": false
              }
            ],
            "ipxe_script": null,
            "is_cross_numa_node": false,
            "is_pv_encryption_in_transit_enabled": null,
            "launch_mode": "PARAVIRTUALIZED",
            "launch_options": [
              {
                "boot_volume_type": "PARAVIRTUALIZED",
                "firmware": "UEFI_64",
                "is_consistent_volume_naming_enabled": true,
                "is_pv_encryption_in_transit_enabled": true,
                "network_type": "PARAVIRTUALIZED",
                "remote_data_volume_type": "PARAVIRTUALIZED"
              }
            ],
            "launch_volume_attachments": [],
            "metadata": {
              "ssh_authorized_keys": "ssh-rsa AAAAB3NzaC1yc2EAAAADAQABAAACAQC5mJkwhdDrCnpQGGcp3OkAVltI9OuagoJZxSyOiMIWSUKXm+nxkjuF8JWg0bq6heVMw3pFSbhrL1BJZuEQLDEqSio4XKO8RgYWBe5ALPzA+ARAr69zyLE1JbTm9X6zXc4ZPTZ7YRruedN9Csno7uoHOi3/yqsrupVRDPtIZGWLjSY6C5xuFTU5ds3Pp1WpFOuQuP8h3kRbIW2WF611NvMlwLbsZSPJpcMybsXwSUFA+ihwlfAscNNv5qaXSAfCQHF1ilWrCGLMRALaHwCNG5wQblL3L8kIIyNvXCDjF9Sl5U6+LOGn55rYJhWgtLoo630HhMn54PfD29nPqNJPNu1wTo16VbtOF9tq8Y+t82coZrE/SfV6xMTq0pJA962pFtcVyvOTp0J3cKnjG7+Gl4MlVvKketlhsngeZSJspfs+Ws8iTlcR0ilQu+BkaDbhVbTeZUWgqlt9RCk7v5ESqzJkPnYkvk1UHMSOyJ4D/A/XK0l2WFVqCFRxigsOcn1aFpvBvg6jQrAfXF14aKzSZ9ZMwUjM6bdWiPHI/G2Kj3Z2zT59QSVrknpkE25a57DFn+zj8xnuJVAfM5l016yluk9AsLQU2pZBInhY4jq7IBm0tcbkAOdWpFXTOEZfoHWUKYtUVEFZTwpkP3yEHU5bGLwLdBs8L21zXnw0ns/0gCQQoQ== d@D-MBP14.local"
            },
            "platform_config": [],
            "preemptible_instance_config": [],
            "preserve_boot_volume": null,
            "preserve_data_volumes_created_at_launch": null,
            "private_ip": "10.0.0.129",
            "public_ip": "168.138.42.110",
            "region": "ap-osaka-1",
            "security_attributes": {},
            "security_attributes_state": "STABLE",
            "shape": "VM.Standard.A1.Flex",
            "shape_config": [
              {
                "baseline_ocpu_utilization": "",
                "gpu_description": "",
                "gpus": 0,
                "local_disk_description": "",
                "local_disks": 0,
                "local_disks_total_size_in_gbs": 0,
                "max_vnic_attachments": 4,
                "memory_in_gbs": 24,
                "networking_bandwidth_in_gbps": 4,
                "nvmes": 0,
                "ocpus": 4,
                "processor_description": "3.0 GHz Ampere® Altra™",
                "vcpus": 4
              }
            ],
            "source_details": [
              {
                "boot_volume_size_in_gbs": "95",
                "boot_volume_vpus_per_gb": "120",
                "instance_source_image_filter_details": [],
                "is_preserve_boot_volume_enabled": false,
                "kms_key_id": "",
                "source_id": "ocid1.image.oc1.ap-osaka-1.aaaaaaaan3lsxjp6rtfam5yttopwnmd5tnjvvr4oswe5gsc2ov4pm5qqcerq",
                "source_type": "image"
              }
            ],
            "state": "RUNNING",
            "subnet_id": "ocid1.subnet.oc1.ap-osaka-1.aaaaaaaa4sbehj6px5z3eevg452jt3mjzrgkcxjqvnjt6vjpfotvnj3ftebq",
            "system_tags": {},
            "time_created": "2024-04-03 01:54:59.096 +0000 UTC",
            "time_maintenance_reboot_due": "",
            "timeouts": null,
            "update_operation_constraint": null
          },
          "sensitive_attributes": [],
          "private": "eyJlMmJmYjczMC1lY2FhLTExZTYtOGY4OC0zNDM2M2JjN2M0YzAiOnsiY3JlYXRlIjoyNzAwMDAwMDAwMDAwLCJkZWxldGUiOjQ1MDAwMDAwMDAwMDAsInVwZGF0ZSI6MjcwMDAwMDAwMDAwMH0sInNjaGVtYV92ZXJzaW9uIjoiMCJ9"
        }
      ]
    },
    {
      "mode": "managed",
      "type": "oci_core_instance",
      "name": "existing_instance1",
      "provider": "provider[\"registry.terraform.io/oracle/oci\"]",
      "instances": [
        {
          "schema_version": 0,
          "attributes": {
            "agent_config": [
              {
                "are_all_plugins_disabled": false,
                "is_management_disabled": false,
                "is_monitoring_disabled": false,
                "plugins_config": [
                  {
                    "desired_state": "DISABLED",
                    "name": "Vulnerability Scanning"
                  },
                  {
                    "desired_state": "DISABLED",
                    "name": "Management Agent"
                  },
                  {
                    "desired_state": "ENABLED",
                    "name": "Custom Logs Monitoring"
                  },
                  {
                    "desired_state": "DISABLED",
                    "name": "Compute RDMA GPU Monitoring"
                  },
                  {
                    "desired_state": "ENABLED",
                    "name": "Compute Instance Monitoring"
                  },
                  {
                    "desired_state": "DISABLED",
                    "name": "Compute HPC RDMA Auto-Configuration"
                  },
                  {
                    "desired_state": "DISABLED",
                    "name": "Compute HPC RDMA Authentication"
                  },
                  {
                    "desired_state": "DISABLED",
                    "name": "Block Volume Management"
                  },
                  {
                    "desired_state": "DISABLED",
                    "name": "Bastion"
                  }
                ]
              }
            ],
            "async": null,
            "availability_config": [
              {
                "is_live_migration_preferred": true,
                "recovery_action": "RESTORE_INSTANCE"
              }
            ],
            "availability_domain": "ZXGQ:AP-OSAKA-1-AD-1",
            "boot_volume_id": "ocid1.bootvolume.oc1.ap-osaka-1.abvwsljrx6n2qhmval3idewrbtatawpdqvaxd3ktnc6xoheqnxa5bkcrlsja",
            "capacity_reservation_id": null,
            "cluster_placement_group_id": null,
            "compartment_id": "ocid1.tenancy.oc1..aaaaaaaaidabeh4bww766raesn274xyaormyuplogucdzg3fum4n43eyacja",
            "compute_cluster_id": null,
            "create_vnic_details": [
              {
                "assign_ipv6ip": false,
                "assign_private_dns_record": false,
                "assign_public_ip": "true",
                "defined_tags": {
                  "Oracle-Tags.CreatedBy": "default/syudenky@gmail.com",
                  "Oracle-Tags.CreatedOn": "2024-03-29T00:25:28.763Z"
                },
                "display_name": "instance-20240329-ubuntu22",
                "freeform_tags": {},
                "hostname_label": "instance-20240329-ubuntu22",
                "ipv6address_ipv6subnet_cidr_pair_details": [],
                "nsg_ids": [],
                "private_ip": "10.0.0.200",
                "security_attributes": {},
                "skip_source_dest_check": false,
                "subnet_id": "ocid1.subnet.oc1.ap-osaka-1.aaaaaaaa4sbehj6px5z3eevg452jt3mjzrgkcxjqvnjt6vjpfotvnj3ftebq",
                "vlan_id": ""
              }
            ],
            "dedicated_vm_host_id": null,
            "defined_tags": {
              "Oracle-Tags.CreatedBy": "default/syudenky@gmail.com",
              "Oracle-Tags.CreatedOn": "2024-03-29T00:25:28.575Z"
            },
            "display_name": "instance-20240329-ubuntu22",
            "extended_metadata": {},
            "fault_domain": "FAULT-DOMAIN-3",
            "freeform_tags": {},
            "hostname_label": "instance-20240329-ubuntu22",
            "id": "ocid1.instance.oc1.ap-osaka-1.anvwsljrdtqsixycpgk3re5tktvnejavb7qok4qsckvlgdplmjkzgtajsmcq",
            "image": "ocid1.image.oc1.ap-osaka-1.aaaaaaaa7wt5bz5m4s7iufffztw2mbkhhixeauv3y623rhyyuxyufr6obzwq",
            "instance_configuration_id": null,
            "instance_options": [
              {
                "are_legacy_imds_endpoints_disabled": false
              }
            ],
            "ipxe_script": null,
            "is_cross_numa_node": false,
            "is_pv_encryption_in_transit_enabled": null,
            "launch_mode": "PARAVIRTUALIZED",
            "launch_options": [
              {
                "boot_volume_type": "PARAVIRTUALIZED",
                "firmware": "UEFI_64",
                "is_consistent_volume_naming_enabled": true,
                "is_pv_encryption_in_transit_enabled": true,
                "network_type": "PARAVIRTUALIZED",
                "remote_data_volume_type": "PARAVIRTUALIZED"
              }
            ],
            "launch_volume_attachments": [],
            "metadata": {
              "ssh_authorized_keys": "ssh-rsa AAAAB3NzaC1yc2EAAAADAQABAAACAQC5mJkwhdDrCnpQGGcp3OkAVltI9OuagoJZxSyOiMIWSUKXm+nxkjuF8JWg0bq6heVMw3pFSbhrL1BJZuEQLDEqSio4XKO8RgYWBe5ALPzA+ARAr69zyLE1JbTm9X6zXc4ZPTZ7YRruedN9Csno7uoHOi3/yqsrupVRDPtIZGWLjSY6C5xuFTU5ds3Pp1WpFOuQuP8h3kRbIW2WF611NvMlwLbsZSPJpcMybsXwSUFA+ihwlfAscNNv5qaXSAfCQHF1ilWrCGLMRALaHwCNG5wQblL3L8kIIyNvXCDjF9Sl5U6+LOGn55rYJhWgtLoo630HhMn54PfD29nPqNJPNu1wTo16VbtOF9tq8Y+t82coZrE/SfV6xMTq0pJA962pFtcVyvOTp0J3cKnjG7+Gl4MlVvKketlhsngeZSJspfs+Ws8iTlcR0ilQu+BkaDbhVbTeZUWgqlt9RCk7v5ESqzJkPnYkvk1UHMSOyJ4D/A/XK0l2WFVqCFRxigsOcn1aFpvBvg6jQrAfXF14aKzSZ9ZMwUjM6bdWiPHI/G2Kj3Z2zT59QSVrknpkE25a57DFn+zj8xnuJVAfM5l016yluk9AsLQU2pZBInhY4jq7IBm0tcbkAOdWpFXTOEZfoHWUKYtUVEFZTwpkP3yEHU5bGLwLdBs8L21zXnw0ns/0gCQQoQ== d@D-MBP14.local"
            },
            "platform_config": [],
            "preemptible_instance_config": [],
            "preserve_boot_volume": null,
            "preserve_data_volumes_created_at_launch": null,
            "private_ip": "10.0.0.200",
            "public_ip": "217.142.244.57",
            "region": "ap-osaka-1",
            "security_attributes": {},
            "security_attributes_state": "STABLE",
            "shape": "VM.Standard.E2.1.Micro",
            "shape_config": [
              {
                "baseline_ocpu_utilization": "",
                "gpu_description": "",
                "gpus": 0,
                "local_disk_description": "",
                "local_disks": 0,
                "local_disks_total_size_in_gbs": 0,
                "max_vnic_attachments": 1,
                "memory_in_gbs": 1,
                "networking_bandwidth_in_gbps": 0.47999998927116394,
                "nvmes": 0,
                "ocpus": 1,
                "processor_description": "2.0 GHz AMD EPYC™ 7551 (Naples)",
                "vcpus": 2
              }
            ],
            "source_details": [
              {
                "boot_volume_size_in_gbs": "50",
                "boot_volume_vpus_per_gb": "120",
                "instance_source_image_filter_details": [],
                "is_preserve_boot_volume_enabled": false,
                "kms_key_id": "",
                "source_id": "ocid1.image.oc1.ap-osaka-1.aaaaaaaa7wt5bz5m4s7iufffztw2mbkhhixeauv3y623rhyyuxyufr6obzwq",
                "source_type": "image"
              }
            ],
            "state": "RUNNING",
            "subnet_id": "ocid1.subnet.oc1.ap-osaka-1.aaaaaaaa4sbehj6px5z3eevg452jt3mjzrgkcxjqvnjt6vjpfotvnj3ftebq",
            "system_tags": {
              "orcl-cloud.free-tier-retained": "true"
            },
            "time_created": "2024-03-29 00:25:29.05 +0000 UTC",
            "time_maintenance_reboot_due": "",
            "timeouts": null,
            "update_operation_constraint": null
          },
          "sensitive_attributes": [],
          "private": "eyJlMmJmYjczMC1lY2FhLTExZTYtOGY4OC0zNDM2M2JjN2M0YzAiOnsiY3JlYXRlIjoyNzAwMDAwMDAwMDAwLCJkZWxldGUiOjQ1MDAwMDAwMDAwMDAsInVwZGF0ZSI6MjcwMDAwMDAwMDAwMH0sInNjaGVtYV92ZXJzaW9uIjoiMCJ9"
        }
      ]
    }
  ],
  "check_results": null
}
