{
  "version": 4,
  "terraform_version": "1.9.8",
  "serial": 7,
  "lineage": "3896ed99-0759-c068-ed03-267e331456a4",
  "outputs": {
    "vcn_cidr": {
      "value": "172.16.0.0/20",
      "type": "string"
    },
    "vcn_state": {
      "value": "AVAILABLE",
      "type": "string"
    }
  },
  "resources": [
    {
      "mode": "managed",
      "type": "oci_core_instance",
      "name": "existing_instance",
      "provider": "provider[\"registry.terraform.io/oracle/oci\"]",
      "instances": [
        {
          "schema_version": 0,
          "attributes": {
            "agent_config": [
              {
                "are_all_plugins_disabled": false,
                "is_management_disabled": false,
                "is_monitoring_disabled": false,
                "plugins_config": [
                  {
                    "desired_state": "DISABLED",
                    "name": "Vulnerability Scanning"
                  },
                  {
                    "desired_state": "DISABLED",
                    "name": "Management Agent"
                  },
                  {
                    "desired_state": "ENABLED",
                    "name": "Custom Logs Monitoring"
                  },
                  {
                    "desired_state": "DISABLED",
                    "name": "Compute RDMA GPU Monitoring"
                  },
                  {
                    "desired_state": "ENABLED",
                    "name": "Compute Instance Monitoring"
                  },
                  {
                    "desired_state": "DISABLED",
                    "name": "Compute HPC RDMA Auto-Configuration"
                  },
                  {
                    "desired_state": "DISABLED",
                    "name": "Compute HPC RDMA Authentication"
                  },
                  {
                    "desired_state": "DISABLED",
                    "name": "Block Volume Management"
                  },
                  {
                    "desired_state": "DISABLED",
                    "name": "Bastion"
                  }
                ]
              }
            ],
            "async": null,
            "availability_config": [
              {
                "is_live_migration_preferred": true,
                "recovery_action": "RESTORE_INSTANCE"
              }
            ],
            "availability_domain": "ZXGQ:AP-OSAKA-1-AD-1",
            "boot_volume_id": "ocid1.bootvolume.oc1.ap-osaka-1.abvwsljrlppbynmquijlowlny2alrutmrsj7pogvcxm4wuqi2blu3apyzsxa",
            "capacity_reservation_id": null,
            "cluster_placement_group_id": null,
            "compartment_id": "ocid1.tenancy.oc1..aaaaaaaaidabeh4bww766raesn274xyaormyuplogucdzg3fum4n43eyacja",
            "compute_cluster_id": null,
            "create_vnic_details": [
              {
                "assign_ipv6ip": false,
                "assign_private_dns_record": false,
                "assign_public_ip": "true",
                "defined_tags": {
                  "Oracle-Tags.CreatedBy": "default/syudenky@gmail.com",
                  "Oracle-Tags.CreatedOn": "2024-04-03T01:54:58.836Z"
                },
                "display_name": "instance-20240403-ARM",
                "freeform_tags": {},
                "hostname_label": "instance-20240403-arm",
                "ipv6address_ipv6subnet_cidr_pair_details": [],
                "nsg_ids": [],
                "private_ip": "10.0.0.129",
                "security_attributes": {},
                "skip_source_dest_check": false,
                "subnet_id": "ocid1.subnet.oc1.ap-osaka-1.aaaaaaaa4sbehj6px5z3eevg452jt3mjzrgkcxjqvnjt6vjpfotvnj3ftebq",
                "vlan_id": ""
              }
            ],
            "dedicated_vm_host_id": null,
            "defined_tags": {
              "Oracle-Tags.CreatedBy": "default/syudenky@gmail.com",
              "Oracle-Tags.CreatedOn": "2024-04-03T01:54:58.732Z"
            },
            "display_name": "instance-20240403-ARM",
            "extended_metadata": {},
            "fault_domain": "FAULT-DOMAIN-3",
            "freeform_tags": {},
            "hostname_label": "instance-20240403-arm",
            "id": "ocid1.instance.oc1.ap-osaka-1.anvwsljrdtqsixycqyumxj3b64662j4hvzlx5h7vs6si2i54get2sxbu56oa",
            "image": "ocid1.image.oc1.ap-osaka-1.aaaaaaaan3lsxjp6rtfam5yttopwnmd5tnjvvr4oswe5gsc2ov4pm5qqcerq",
            "instance_configuration_id": null,
            "instance_options": [
              {
                "are_legacy_imds_endpoints_disabled": false
              }
            ],
            "ipxe_script": null,
            "is_cross_numa_node": false,
            "is_pv_encryption_in_transit_enabled": null,
            "launch_mode": "PARAVIRTUALIZED",
            "launch_options": [
              {
                "boot_volume_type": "PARAVIRTUALIZED",
                "firmware": "UEFI_64",
                "is_consistent_volume_naming_enabled": true,
                "is_pv_encryption_in_transit_enabled": true,
                "network_type": "PARAVIRTUALIZED",
                "remote_data_volume_type": "PARAVIRTUALIZED"
              }
            ],
            "launch_volume_attachments": [],
            "metadata": {
              "ssh_authorized_keys": "ssh-rsa AAAAB3NzaC1yc2EAAAADAQABAAACAQC5mJkwhdDrCnpQGGcp3OkAVltI9OuagoJZxSyOiMIWSUKXm+nxkjuF8JWg0bq6heVMw3pFSbhrL1BJZuEQLDEqSio4XKO8RgYWBe5ALPzA+ARAr69zyLE1JbTm9X6zXc4ZPTZ7YRruedN9Csno7uoHOi3/yqsrupVRDPtIZGWLjSY6C5xuFTU5ds3Pp1WpFOuQuP8h3kRbIW2WF611NvMlwLbsZSPJpcMybsXwSUFA+ihwlfAscNNv5qaXSAfCQHF1ilWrCGLMRALaHwCNG5wQblL3L8kIIyNvXCDjF9Sl5U6+LOGn55rYJhWgtLoo630HhMn54PfD29nPqNJPNu1wTo16VbtOF9tq8Y+t82coZrE/SfV6xMTq0pJA962pFtcVyvOTp0J3cKnjG7+Gl4MlVvKketlhsngeZSJspfs+Ws8iTlcR0ilQu+BkaDbhVbTeZUWgqlt9RCk7v5ESqzJkPnYkvk1UHMSOyJ4D/A/XK0l2WFVqCFRxigsOcn1aFpvBvg6jQrAfXF14aKzSZ9ZMwUjM6bdWiPHI/G2Kj3Z2zT59QSVrknpkE25a57DFn+zj8xnuJVAfM5l016yluk9AsLQU2pZBInhY4jq7IBm0tcbkAOdWpFXTOEZfoHWUKYtUVEFZTwpkP3yEHU5bGLwLdBs8L21zXnw0ns/0gCQQoQ== d@D-MBP14.local"
            },
            "platform_config": [],
            "preemptible_instance_config": [],
            "preserve_boot_volume": null,
            "preserve_data_volumes_created_at_launch": null,
            "private_ip": "10.0.0.129",
            "public_ip": "168.138.42.110",
            "region": "ap-osaka-1",
            "security_attributes": {},
            "security_attributes_state": "STABLE",
            "shape": "VM.Standard.A1.Flex",
            "shape_config": [
              {
                "baseline_ocpu_utilization": "",
                "gpu_description": "",
                "gpus": 0,
                "local_disk_description": "",
                "local_disks": 0,
                "local_disks_total_size_in_gbs": 0,
                "max_vnic_attachments": 4,
                "memory_in_gbs": 24,
                "networking_bandwidth_in_gbps": 4,
                "nvmes": 0,
                "ocpus": 4,
                "processor_description": "3.0 GHz Ampere® Altra™",
                "vcpus": 4
              }
            ],
            "source_details": [
              {
                "boot_volume_size_in_gbs": "95",
                "boot_volume_vpus_per_gb": "120",
                "instance_source_image_filter_details": [],
                "is_preserve_boot_volume_enabled": false,
                "kms_key_id": "",
                "source_id": "ocid1.image.oc1.ap-osaka-1.aaaaaaaan3lsxjp6rtfam5yttopwnmd5tnjvvr4oswe5gsc2ov4pm5qqcerq",
                "source_type": "image"
              }
            ],
            "state": "RUNNING",
            "subnet_id": "ocid1.subnet.oc1.ap-osaka-1.aaaaaaaa4sbehj6px5z3eevg452jt3mjzrgkcxjqvnjt6vjpfotvnj3ftebq",
            "system_tags": {},
            "time_created": "2024-04-03 01:54:59.096 +0000 UTC",
            "time_maintenance_reboot_due": "",
            "timeouts": null,
            "update_operation_constraint": null
          },
          "sensitive_attributes": [],
          "private": "eyJlMmJmYjczMC1lY2FhLTExZTYtOGY4OC0zNDM2M2JjN2M0YzAiOnsiY3JlYXRlIjoyNzAwMDAwMDAwMDAwLCJkZWxldGUiOjQ1MDAwMDAwMDAwMDAsInVwZGF0ZSI6MjcwMDAwMDAwMDAwMH0sInNjaGVtYV92ZXJzaW9uIjoiMCJ9"
        }
      ]
    },
    {
      "mode": "managed",
      "type": "oci_core_instance",
      "name": "existing_instance1",
      "provider": "provider[\"registry.terraform.io/oracle/oci\"]",
      "instances": [
        {
          "schema_version": 0,
          "attributes": {
            "agent_config": [
              {
                "are_all_plugins_disabled": false,
                "is_management_disabled": false,
                "is_monitoring_disabled": false,
                "plugins_config": [
                  {
                    "desired_state": "DISABLED",
                    "name": "Vulnerability Scanning"
                  },
                  {
                    "desired_state": "DISABLED",
                    "name": "Management Agent"
                  },
                  {
                    "desired_state": "ENABLED",
                    "name": "Custom Logs Monitoring"
                  },
                  {
                    "desired_state": "DISABLED",
                    "name": "Compute RDMA GPU Monitoring"
                  },
                  {
                    "desired_state": "ENABLED",
                    "name": "Compute Instance Monitoring"
                  },
                  {
                    "desired_state": "DISABLED",
                    "name": "Compute HPC RDMA Auto-Configuration"
                  },
                  {
                    "desired_state": "DISABLED",
                    "name": "Compute HPC RDMA Authentication"
                  },
                  {
                    "desired_state": "DISABLED",
                    "name": "Block Volume Management"
                  },
                  {
                    "desired_state": "DISABLED",
                    "name": "Bastion"
                  }
                ]
              }
            ],
            "async": null,
            "availability_config": [
              {
                "is_live_migration_preferred": true,
                "recovery_action": "RESTORE_INSTANCE"
              }
            ],
            "availability_domain": "ZXGQ:AP-OSAKA-1-AD-1",
            "boot_volume_id": "ocid1.bootvolume.oc1.ap-osaka-1.abvwsljrx6n2qhmval3idewrbtatawpdqvaxd3ktnc6xoheqnxa5bkcrlsja",
            "capacity_reservation_id": null,
            "cluster_placement_group_id": null,
            "compartment_id": "ocid1.tenancy.oc1..aaaaaaaaidabeh4bww766raesn274xyaormyuplogucdzg3fum4n43eyacja",
            "compute_cluster_id": null,
            "create_vnic_details": [
              {
                "assign_ipv6ip": false,
                "assign_private_dns_record": false,
                "assign_public_ip": "true",
                "defined_tags": {
                  "Oracle-Tags.CreatedBy": "default/syudenky@gmail.com",
                  "Oracle-Tags.CreatedOn": "2024-03-29T00:25:28.763Z"
                },
                "display_name": "instance-20240329-ubuntu22",
                "freeform_tags": {},
                "hostname_label": "instance-20240329-ubuntu22",
                "ipv6address_ipv6subnet_cidr_pair_details": [],
                "nsg_ids": [],
                "private_ip": "10.0.0.200",
                "security_attributes": {},
                "skip_source_dest_check": false,
                "subnet_id": "ocid1.subnet.oc1.ap-osaka-1.aaaaaaaa4sbehj6px5z3eevg452jt3mjzrgkcxjqvnjt6vjpfotvnj3ftebq",
                "vlan_id": ""
              }
            ],
            "dedicated_vm_host_id": null,
            "defined_tags": {
              "Oracle-Tags.CreatedBy": "default/syudenky@gmail.com",
              "Oracle-Tags.CreatedOn": "2024-03-29T00:25:28.575Z"
            },
            "display_name": "instance-20240329-ubuntu22",
            "extended_metadata": {},
            "fault_domain": "FAULT-DOMAIN-3",
            "freeform_tags": {},
            "hostname_label": "instance-20240329-ubuntu22",
            "id": "ocid1.instance.oc1.ap-osaka-1.anvwsljrdtqsixycpgk3re5tktvnejavb7qok4qsckvlgdplmjkzgtajsmcq",
            "image": "ocid1.image.oc1.ap-osaka-1.aaaaaaaa7wt5bz5m4s7iufffztw2mbkhhixeauv3y623rhyyuxyufr6obzwq",
            "instance_configuration_id": null,
            "instance_options": [
              {
                "are_legacy_imds_endpoints_disabled": false
              }
            ],
            "ipxe_script": null,
            "is_cross_numa_node": false,
            "is_pv_encryption_in_transit_enabled": null,
            "launch_mode": "PARAVIRTUALIZED",
            "launch_options": [
              {
                "boot_volume_type": "PARAVIRTUALIZED",
                "firmware": "UEFI_64",
                "is_consistent_volume_naming_enabled": true,
                "is_pv_encryption_in_transit_enabled": true,
                "network_type": "PARAVIRTUALIZED",
                "remote_data_volume_type": "PARAVIRTUALIZED"
              }
            ],
            "launch_volume_attachments": [],
            "metadata": {
              "ssh_authorized_keys": "ssh-rsa AAAAB3NzaC1yc2EAAAADAQABAAACAQC5mJkwhdDrCnpQGGcp3OkAVltI9OuagoJZxSyOiMIWSUKXm+nxkjuF8JWg0bq6heVMw3pFSbhrL1BJZuEQLDEqSio4XKO8RgYWBe5ALPzA+ARAr69zyLE1JbTm9X6zXc4ZPTZ7YRruedN9Csno7uoHOi3/yqsrupVRDPtIZGWLjSY6C5xuFTU5ds3Pp1WpFOuQuP8h3kRbIW2WF611NvMlwLbsZSPJpcMybsXwSUFA+ihwlfAscNNv5qaXSAfCQHF1ilWrCGLMRALaHwCNG5wQblL3L8kIIyNvXCDjF9Sl5U6+LOGn55rYJhWgtLoo630HhMn54PfD29nPqNJPNu1wTo16VbtOF9tq8Y+t82coZrE/SfV6xMTq0pJA962pFtcVyvOTp0J3cKnjG7+Gl4MlVvKketlhsngeZSJspfs+Ws8iTlcR0ilQu+BkaDbhVbTeZUWgqlt9RCk7v5ESqzJkPnYkvk1UHMSOyJ4D/A/XK0l2WFVqCFRxigsOcn1aFpvBvg6jQrAfXF14aKzSZ9ZMwUjM6bdWiPHI/G2Kj3Z2zT59QSVrknpkE25a57DFn+zj8xnuJVAfM5l016yluk9AsLQU2pZBInhY4jq7IBm0tcbkAOdWpFXTOEZfoHWUKYtUVEFZTwpkP3yEHU5bGLwLdBs8L21zXnw0ns/0gCQQoQ== d@D-MBP14.local"
            },
            "platform_config": [],
            "preemptible_instance_config": [],
            "preserve_boot_volume": null,
            "preserve_data_volumes_created_at_launch": null,
            "private_ip": "10.0.0.200",
            "public_ip": "217.142.244.57",
            "region": "ap-osaka-1",
            "security_attributes": {},
            "security_attributes_state": "STABLE",
            "shape": "VM.Standard.E2.1.Micro",
            "shape_config": [
              {
                "baseline_ocpu_utilization": "",
                "gpu_description": "",
                "gpus": 0,
                "local_disk_description": "",
                "local_disks": 0,
                "local_disks_total_size_in_gbs": 0,
                "max_vnic_attachments": 1,
                "memory_in_gbs": 1,
                "networking_bandwidth_in_gbps": 0.47999998927116394,
                "nvmes": 0,
                "ocpus": 1,
                "processor_description": "2.0 GHz AMD EPYC™ 7551 (Naples)",
                "vcpus": 2
              }
            ],
            "source_details": [
              {
                "boot_volume_size_in_gbs": "50",
                "boot_volume_vpus_per_gb": "120",
                "instance_source_image_filter_details": [],
                "is_preserve_boot_volume_enabled": false,
                "kms_key_id": "",
                "source_id": "ocid1.image.oc1.ap-osaka-1.aaaaaaaa7wt5bz5m4s7iufffztw2mbkhhixeauv3y623rhyyuxyufr6obzwq",
                "source_type": "image"
              }
            ],
            "state": "RUNNING",
            "subnet_id": "ocid1.subnet.oc1.ap-osaka-1.aaaaaaaa4sbehj6px5z3eevg452jt3mjzrgkcxjqvnjt6vjpfotvnj3ftebq",
            "system_tags": {
              "orcl-cloud.free-tier-retained": "true"
            },
            "time_created": "2024-03-29 00:25:29.05 +0000 UTC",
            "time_maintenance_reboot_due": "",
            "timeouts": null,
            "update_operation_constraint": null
          },
          "sensitive_attributes": [],
          "private": "eyJlMmJmYjczMC1lY2FhLTExZTYtOGY4OC0zNDM2M2JjN2M0YzAiOnsiY3JlYXRlIjoyNzAwMDAwMDAwMDAwLCJkZWxldGUiOjQ1MDAwMDAwMDAwMDAsInVwZGF0ZSI6MjcwMDAwMDAwMDAwMH0sInNjaGVtYV92ZXJzaW9uIjoiMCJ9"
        }
      ]
    },
    {
      "mode": "managed",
      "type": "oci_core_instance",
      "name": "existing_instance2",
      "provider": "provider[\"registry.terraform.io/oracle/oci\"]",
      "instances": [
        {
          "schema_version": 0,
          "attributes": {
            "agent_config": [
              {
                "are_all_plugins_disabled": false,
                "is_management_disabled": false,
                "is_monitoring_disabled": false,
                "plugins_config": [
                  {
                    "desired_state": "DISABLED",
                    "name": "Vulnerability Scanning"
                  },
                  {
                    "desired_state": "DISABLED",
                    "name": "Management Agent"
                  },
                  {
                    "desired_state": "ENABLED",
                    "name": "Custom Logs Monitoring"
                  },
                  {
                    "desired_state": "DISABLED",
                    "name": "Compute RDMA GPU Monitoring"
                  },
                  {
                    "desired_state": "ENABLED",
                    "name": "Compute Instance Monitoring"
                  },
                  {
                    "desired_state": "DISABLED",
                    "name": "Compute HPC RDMA Auto-Configuration"
                  },
                  {
                    "desired_state": "DISABLED",
                    "name": "Compute HPC RDMA Authentication"
                  },
                  {
                    "desired_state": "ENABLED",
                    "name": "Cloud Guard Workload Protection"
                  },
                  {
                    "desired_state": "DISABLED",
                    "name": "Block Volume Management"
                  },
                  {
                    "desired_state": "DISABLED",
                    "name": "Bastion"
                  }
                ]
              }
            ],
            "async": null,
            "availability_config": [
              {
                "is_live_migration_preferred": true,
                "recovery_action": "RESTORE_INSTANCE"
              }
            ],
            "availability_domain": "ZXGQ:AP-OSAKA-1-AD-1",
            "boot_volume_id": "ocid1.bootvolume.oc1.ap-osaka-1.abvwsljrmail5dvpstm7brq6goc6cz2bgnsxejq5sxiols3v3zjsmfack33q",
            "capacity_reservation_id": null,
            "cluster_placement_group_id": null,
            "compartment_id": "ocid1.tenancy.oc1..aaaaaaaaidabeh4bww766raesn274xyaormyuplogucdzg3fum4n43eyacja",
            "compute_cluster_id": null,
            "create_vnic_details": [
              {
                "assign_ipv6ip": false,
                "assign_private_dns_record": false,
                "assign_public_ip": "true",
                "defined_tags": {
                  "Oracle-Tags.CreatedBy": "default/syudenky@gmail.com",
                  "Oracle-Tags.CreatedOn": "2024-07-02T02:45:50.643Z"
                },
                "display_name": "instance-20240702-ubuntu22-2",
                "freeform_tags": {},
                "hostname_label": "instance-20240702-ubuntu22-2",
                "ipv6address_ipv6subnet_cidr_pair_details": [],
                "nsg_ids": [],
                "private_ip": "10.0.0.238",
                "security_attributes": {},
                "skip_source_dest_check": false,
                "subnet_id": "ocid1.subnet.oc1.ap-osaka-1.aaaaaaaa4sbehj6px5z3eevg452jt3mjzrgkcxjqvnjt6vjpfotvnj3ftebq",
                "vlan_id": ""
              }
            ],
            "dedicated_vm_host_id": null,
            "defined_tags": {
              "Oracle-Tags.CreatedBy": "default/syudenky@gmail.com",
              "Oracle-Tags.CreatedOn": "2024-07-02T02:45:50.470Z"
            },
            "display_name": "instance-20240702-ubuntu22-2",
            "extended_metadata": {},
            "fault_domain": "FAULT-DOMAIN-2",
            "freeform_tags": {},
            "hostname_label": "instance-20240702-ubuntu22-2",
            "id": "ocid1.instance.oc1.ap-osaka-1.anvwsljrdtqsixycfmh5nzugwl35ykkwkjkia5z6qbcec2uzkayi3o5eukla",
            "image": "ocid1.image.oc1.ap-osaka-1.aaaaaaaa73qxqqqpsl3xxlmnnbvejooyt2c6ri5al4pvagk35ftlrf67qwzq",
            "instance_configuration_id": null,
            "instance_options": [
              {
                "are_legacy_imds_endpoints_disabled": false
              }
            ],
            "ipxe_script": null,
            "is_cross_numa_node": false,
            "is_pv_encryption_in_transit_enabled": null,
            "launch_mode": "PARAVIRTUALIZED",
            "launch_options": [
              {
                "boot_volume_type": "PARAVIRTUALIZED",
                "firmware": "UEFI_64",
                "is_consistent_volume_naming_enabled": true,
                "is_pv_encryption_in_transit_enabled": false,
                "network_type": "PARAVIRTUALIZED",
                "remote_data_volume_type": "PARAVIRTUALIZED"
              }
            ],
            "launch_volume_attachments": [],
            "metadata": {
              "ssh_authorized_keys": "ssh-rsa AAAAB3NzaC1yc2EAAAADAQABAAACAQC5mJkwhdDrCnpQGGcp3OkAVltI9OuagoJZxSyOiMIWSUKXm+nxkjuF8JWg0bq6heVMw3pFSbhrL1BJZuEQLDEqSio4XKO8RgYWBe5ALPzA+ARAr69zyLE1JbTm9X6zXc4ZPTZ7YRruedN9Csno7uoHOi3/yqsrupVRDPtIZGWLjSY6C5xuFTU5ds3Pp1WpFOuQuP8h3kRbIW2WF611NvMlwLbsZSPJpcMybsXwSUFA+ihwlfAscNNv5qaXSAfCQHF1ilWrCGLMRALaHwCNG5wQblL3L8kIIyNvXCDjF9Sl5U6+LOGn55rYJhWgtLoo630HhMn54PfD29nPqNJPNu1wTo16VbtOF9tq8Y+t82coZrE/SfV6xMTq0pJA962pFtcVyvOTp0J3cKnjG7+Gl4MlVvKketlhsngeZSJspfs+Ws8iTlcR0ilQu+BkaDbhVbTeZUWgqlt9RCk7v5ESqzJkPnYkvk1UHMSOyJ4D/A/XK0l2WFVqCFRxigsOcn1aFpvBvg6jQrAfXF14aKzSZ9ZMwUjM6bdWiPHI/G2Kj3Z2zT59QSVrknpkE25a57DFn+zj8xnuJVAfM5l016yluk9AsLQU2pZBInhY4jq7IBm0tcbkAOdWpFXTOEZfoHWUKYtUVEFZTwpkP3yEHU5bGLwLdBs8L21zXnw0ns/0gCQQoQ== d@D-MBP14.local"
            },
            "platform_config": [],
            "preemptible_instance_config": [],
            "preserve_boot_volume": null,
            "preserve_data_volumes_created_at_launch": null,
            "private_ip": "10.0.0.238",
            "public_ip": "141.147.150.187",
            "region": "ap-osaka-1",
            "security_attributes": {},
            "security_attributes_state": "STABLE",
            "shape": "VM.Standard.E2.1.Micro",
            "shape_config": [
              {
                "baseline_ocpu_utilization": "",
                "gpu_description": "",
                "gpus": 0,
                "local_disk_description": "",
                "local_disks": 0,
                "local_disks_total_size_in_gbs": 0,
                "max_vnic_attachments": 1,
                "memory_in_gbs": 1,
                "networking_bandwidth_in_gbps": 0.47999998927116394,
                "nvmes": 0,
                "ocpus": 1,
                "processor_description": "2.0 GHz AMD EPYC™ 7551 (Naples)",
                "vcpus": 2
              }
            ],
            "source_details": [
              {
                "boot_volume_size_in_gbs": "50",
                "boot_volume_vpus_per_gb": "120",
                "instance_source_image_filter_details": [],
                "is_preserve_boot_volume_enabled": false,
                "kms_key_id": "",
                "source_id": "ocid1.image.oc1.ap-osaka-1.aaaaaaaa73qxqqqpsl3xxlmnnbvejooyt2c6ri5al4pvagk35ftlrf67qwzq",
                "source_type": "image"
              }
            ],
            "state": "RUNNING",
            "subnet_id": "ocid1.subnet.oc1.ap-osaka-1.aaaaaaaa4sbehj6px5z3eevg452jt3mjzrgkcxjqvnjt6vjpfotvnj3ftebq",
            "system_tags": {
              "orcl-cloud.free-tier-retained": "true"
            },
            "time_created": "2024-07-02 02:45:51.125 +0000 UTC",
            "time_maintenance_reboot_due": "",
            "timeouts": null,
            "update_operation_constraint": null
          },
          "sensitive_attributes": [],
          "private": "eyJlMmJmYjczMC1lY2FhLTExZTYtOGY4OC0zNDM2M2JjN2M0YzAiOnsiY3JlYXRlIjoyNzAwMDAwMDAwMDAwLCJkZWxldGUiOjQ1MDAwMDAwMDAwMDAsInVwZGF0ZSI6MjcwMDAwMDAwMDAwMH0sInNjaGVtYV92ZXJzaW9uIjoiMCJ9"
        }
      ]
    },
    {
      "mode": "managed",
      "type": "oci_core_subnet",
      "name": "dev",
      "provider": "provider[\"registry.terraform.io/oracle/oci\"]",
      "instances": [
        {
          "schema_version": 0,
          "attributes": {
            "availability_domain": null,
            "cidr_block": "172.16.0.0/24",
            "compartment_id": "ocid1.tenancy.oc1..aaaaaaaaidabeh4bww766raesn274xyaormyuplogucdzg3fum4n43eyacja",
            "defined_tags": {
              "Oracle-Tags.CreatedBy": "default/syudenky@gmail.com",
              "Oracle-Tags.CreatedOn": "2024-11-02T05:12:56.489Z"
            },
            "dhcp_options_id": "ocid1.dhcpoptions.oc1.ap-osaka-1.aaaaaaaariuaoprq6rbifvylxhvtpvmpckkuhzh3laqgfv34f6sywu4oseja",
            "display_name": "Dev subnet 1",
            "dns_label": "dev",
            "freeform_tags": {},
            "id": "ocid1.subnet.oc1.ap-osaka-1.aaaaaaaahfxsmoiuejhzbq5kmnzxrxkj6etnt7qsieoobbwyye5nzlrhlf6q",
            "ipv6cidr_block": null,
            "ipv6cidr_blocks": [],
            "ipv6virtual_router_ip": null,
            "prohibit_internet_ingress": true,
            "prohibit_public_ip_on_vnic": true,
            "route_table_id": "ocid1.routetable.oc1.ap-osaka-1.aaaaaaaak44rodghpygdru2cjxa6fntf2rycooscmnn336d43zji3ejly77q",
            "security_list_ids": [
              "ocid1.securitylist.oc1.ap-osaka-1.aaaaaaaa65uh3xli6gf62vvtp2x5per5iiujdl5fdj7mgny6omly2emgo6vq"
            ],
            "state": "AVAILABLE",
            "subnet_domain_name": "dev.internal.oraclevcn.com",
            "time_created": "2024-11-02 05:12:56.548 +0000 UTC",
            "timeouts": null,
            "vcn_id": "ocid1.vcn.oc1.ap-osaka-1.amaaaaaadtqsixyas6kg2p6iwszgpveei2bqmztvyvyojij6twtidx5sd6ra",
            "virtual_router_ip": "172.16.0.1",
            "virtual_router_mac": "00:00:17:AB:A1:72"
          },
          "sensitive_attributes": [],
          "private": "eyJlMmJmYjczMC1lY2FhLTExZTYtOGY4OC0zNDM2M2JjN2M0YzAiOnsiY3JlYXRlIjoxMjAwMDAwMDAwMDAwLCJkZWxldGUiOjEyMDAwMDAwMDAwMDAsInVwZGF0ZSI6MTIwMDAwMDAwMDAwMH19",
          "dependencies": [
            "oci_core_vcn.internal"
          ]
        }
      ]
    },
    {
      "mode": "managed",
      "type": "oci_core_vcn",
      "name": "internal",
      "provider": "provider[\"registry.terraform.io/oracle/oci\"]",
      "instances": [
        {
          "schema_version": 0,
          "attributes": {
            "byoipv6cidr_blocks": [],
            "byoipv6cidr_details": null,
            "cidr_block": "172.16.0.0/20",
            "cidr_blocks": [
              "172.16.0.0/20"
            ],
            "compartment_id": "ocid1.tenancy.oc1..aaaaaaaaidabeh4bww766raesn274xyaormyuplogucdzg3fum4n43eyacja",
            "default_dhcp_options_id": "ocid1.dhcpoptions.oc1.ap-osaka-1.aaaaaaaariuaoprq6rbifvylxhvtpvmpckkuhzh3laqgfv34f6sywu4oseja",
            "default_route_table_id": "ocid1.routetable.oc1.ap-osaka-1.aaaaaaaak44rodghpygdru2cjxa6fntf2rycooscmnn336d43zji3ejly77q",
            "default_security_list_id": "ocid1.securitylist.oc1.ap-osaka-1.aaaaaaaa65uh3xli6gf62vvtp2x5per5iiujdl5fdj7mgny6omly2emgo6vq",
            "defined_tags": {
              "Oracle-Tags.CreatedBy": "default/syudenky@gmail.com",
              "Oracle-Tags.CreatedOn": "2024-11-02T05:12:55.922Z"
            },
            "display_name": "My internal VCN",
            "dns_label": "internal",
            "freeform_tags": {},
            "id": "ocid1.vcn.oc1.ap-osaka-1.amaaaaaadtqsixyas6kg2p6iwszgpveei2bqmztvyvyojij6twtidx5sd6ra",
            "ipv6cidr_blocks": [],
            "ipv6private_cidr_blocks": [],
            "is_ipv6enabled": false,
            "is_oracle_gua_allocation_enabled": null,
            "security_attributes": {},
            "state": "AVAILABLE",
            "time_created": "2024-11-02 05:12:55.998 +0000 UTC",
            "timeouts": null,
            "vcn_domain_name": "internal.oraclevcn.com"
          },
          "sensitive_attributes": [],
          "private": "eyJlMmJmYjczMC1lY2FhLTExZTYtOGY4OC0zNDM2M2JjN2M0YzAiOnsiY3JlYXRlIjoxMjAwMDAwMDAwMDAwLCJkZWxldGUiOjEyMDAwMDAwMDAwMDAsInVwZGF0ZSI6MTIwMDAwMDAwMDAwMH19"
        }
      ]
    },
    {
      "mode": "managed",
      "type": "oci_core_virtual_network",
      "name": "vcn_ubuntu22_test1",
      "provider": "provider[\"registry.terraform.io/oracle/oci\"]",
      "instances": [
        {
          "schema_version": 0,
          "attributes": {
            "byoipv6cidr_blocks": [],
            "byoipv6cidr_details": [],
            "cidr_block": "10.0.0.0/16",
            "cidr_blocks": [
              "10.0.0.0/16"
            ],
            "compartment_id": "ocid1.tenancy.oc1..aaaaaaaaidabeh4bww766raesn274xyaormyuplogucdzg3fum4n43eyacja",
            "default_dhcp_options_id": "ocid1.dhcpoptions.oc1.ap-osaka-1.aaaaaaaamqdl3k2isq56jdckh4qk3huejwwc3erx6pk2k5hr5batjtankcnq",
            "default_route_table_id": "ocid1.routetable.oc1.ap-osaka-1.aaaaaaaafbojbieenguf4t3sjaxbabl3a3hauobp52gtd2gv23gpgxhainoq",
            "default_security_list_id": "ocid1.securitylist.oc1.ap-osaka-1.aaaaaaaaci6iggmblkgsuvgionfptpzlsjevaq3ookajjtaaeyxitgtamnyq",
            "defined_tags": {
              "Oracle-Tags.CreatedBy": "default/syudenky@gmail.com",
              "Oracle-Tags.CreatedOn": "2024-02-29T13:21:45.300Z"
            },
            "display_name": "vcn-20240229-ubuntu22-test1",
            "dns_label": "vcn02292221",
            "freeform_tags": {},
            "id": "ocid1.vcn.oc1.ap-osaka-1.amaaaaaadtqsixyaj73mxhs46nybzkyqfyzj4a5g4ldr3us6pxtt7uv7v6ia",
            "ipv6cidr_blocks": [],
            "ipv6private_cidr_blocks": [],
            "is_ipv6enabled": false,
            "is_oracle_gua_allocation_enabled": null,
            "security_attributes": {},
            "state": "AVAILABLE",
            "time_created": "2024-02-29 13:21:45.387 +0000 UTC",
            "timeouts": null,
            "vcn_domain_name": "vcn02292221.oraclevcn.com"
          },
          "sensitive_attributes": [],
          "private": "eyJlMmJmYjczMC1lY2FhLTExZTYtOGY4OC0zNDM2M2JjN2M0YzAiOnsiY3JlYXRlIjoxMjAwMDAwMDAwMDAwLCJkZWxldGUiOjEyMDAwMDAwMDAwMDAsInVwZGF0ZSI6MTIwMDAwMDAwMDAwMH0sInNjaGVtYV92ZXJzaW9uIjoiMCJ9"
        }
      ]
    }
  ],
  "check_results": null
}
